// !$*UTF8*$!
{
	archiveVersion = 1;
	classes = {
	};
	objectVersion = 46;
	objects = {

/* Begin PBXBuildFile section */
		1014E5A019E52B3500B30A5E /* main.m in Sources */ = {isa = PBXBuildFile; fileRef = 1014E59F19E52B3500B30A5E /* main.m */; };
		1014E5A319E52B3500B30A5E /* AppDelegate.m in Sources */ = {isa = PBXBuildFile; fileRef = 1014E5A219E52B3500B30A5E /* AppDelegate.m */; };
		1014E5A619E52B3500B30A5E /* ViewController.m in Sources */ = {isa = PBXBuildFile; fileRef = 1014E5A519E52B3500B30A5E /* ViewController.m */; };
		1014E5A919E52B3500B30A5E /* Main.storyboard in Resources */ = {isa = PBXBuildFile; fileRef = 1014E5A719E52B3500B30A5E /* Main.storyboard */; };
		1014E5AB19E52B3500B30A5E /* Images.xcassets in Resources */ = {isa = PBXBuildFile; fileRef = 1014E5AA19E52B3500B30A5E /* Images.xcassets */; };
		1014E5B719E52B3500B30A5E /* TestXYTests.m in Sources */ = {isa = PBXBuildFile; fileRef = 1014E5B619E52B3500B30A5E /* TestXYTests.m */; };
		105A0A3319E52BD700484F2D /* QuartzCore.framework in Frameworks */ = {isa = PBXBuildFile; fileRef = 105A0A3219E52BD700484F2D /* QuartzCore.framework */; };
		105A0A3E19E52DC800484F2D /* libCorePlot-CocoaTouch.a in Frameworks */ = {isa = PBXBuildFile; fileRef = 105A0A3D19E52DB300484F2D /* libCorePlot-CocoaTouch.a */; };
		105A0A4219E532C400484F2D /* Accelerate.framework in Frameworks */ = {isa = PBXBuildFile; fileRef = 105A0A4119E532C400484F2D /* Accelerate.framework */; };
/* End PBXBuildFile section */

/* Begin PBXContainerItemProxy section */
		1014E5B119E52B3500B30A5E /* PBXContainerItemProxy */ = {
			isa = PBXContainerItemProxy;
			containerPortal = 1014E59219E52B3500B30A5E /* Project object */;
			proxyType = 1;
			remoteGlobalIDString = 1014E59919E52B3500B30A5E;
			remoteInfo = TestXY;
		};
		105A0A3C19E52DB300484F2D /* PBXContainerItemProxy */ = {
			isa = PBXContainerItemProxy;
			containerPortal = 105A0A3619E52DB200484F2D /* CorePlot-CocoaTouch.xcodeproj */;
			proxyType = 2;
			remoteGlobalIDString = BC9B83470FB8A0A40035D8DA;
			remoteInfo = "CorePlot-CocoaTouch";
		};
		105A0A3F19E52DCD00484F2D /* PBXContainerItemProxy */ = {
			isa = PBXContainerItemProxy;
			containerPortal = 105A0A3619E52DB200484F2D /* CorePlot-CocoaTouch.xcodeproj */;
			proxyType = 1;
			remoteGlobalIDString = BC9B83460FB8A0A40035D8DA;
			remoteInfo = "CorePlot-CocoaTouch";
		};
/* End PBXContainerItemProxy section */

/* Begin PBXFileReference section */
		1014E59A19E52B3500B30A5E /* TestXY.app */ = {isa = PBXFileReference; explicitFileType = wrapper.application; includeInIndex = 0; path = TestXY.app; sourceTree = BUILT_PRODUCTS_DIR; };
		1014E59E19E52B3500B30A5E /* Info.plist */ = {isa = PBXFileReference; lastKnownFileType = text.plist.xml; path = Info.plist; sourceTree = "<group>"; };
		1014E59F19E52B3500B30A5E /* main.m */ = {isa = PBXFileReference; lastKnownFileType = sourcecode.c.objc; path = main.m; sourceTree = "<group>"; };
		1014E5A119E52B3500B30A5E /* AppDelegate.h */ = {isa = PBXFileReference; lastKnownFileType = sourcecode.c.h; path = AppDelegate.h; sourceTree = "<group>"; };
		1014E5A219E52B3500B30A5E /* AppDelegate.m */ = {isa = PBXFileReference; lastKnownFileType = sourcecode.c.objc; path = AppDelegate.m; sourceTree = "<group>"; };
		1014E5A419E52B3500B30A5E /* ViewController.h */ = {isa = PBXFileReference; lastKnownFileType = sourcecode.c.h; path = ViewController.h; sourceTree = "<group>"; };
		1014E5A519E52B3500B30A5E /* ViewController.m */ = {isa = PBXFileReference; lastKnownFileType = sourcecode.c.objc; path = ViewController.m; sourceTree = "<group>"; };
		1014E5A819E52B3500B30A5E /* Base */ = {isa = PBXFileReference; lastKnownFileType = file.storyboard; name = Base; path = Base.lproj/Main.storyboard; sourceTree = "<group>"; };
		1014E5AA19E52B3500B30A5E /* Images.xcassets */ = {isa = PBXFileReference; lastKnownFileType = folder.assetcatalog; path = Images.xcassets; sourceTree = "<group>"; };
		1014E5B019E52B3500B30A5E /* TestXYTests.xctest */ = {isa = PBXFileReference; explicitFileType = wrapper.cfbundle; includeInIndex = 0; path = TestXYTests.xctest; sourceTree = BUILT_PRODUCTS_DIR; };
		1014E5B519E52B3500B30A5E /* Info.plist */ = {isa = PBXFileReference; lastKnownFileType = text.plist.xml; path = Info.plist; sourceTree = "<group>"; };
		1014E5B619E52B3500B30A5E /* TestXYTests.m */ = {isa = PBXFileReference; lastKnownFileType = sourcecode.c.objc; path = TestXYTests.m; sourceTree = "<group>"; };
		105A0A3219E52BD700484F2D /* QuartzCore.framework */ = {isa = PBXFileReference; lastKnownFileType = wrapper.framework; name = QuartzCore.framework; path = System/Library/Frameworks/QuartzCore.framework; sourceTree = SDKROOT; };
		105A0A3619E52DB200484F2D /* CorePlot-CocoaTouch.xcodeproj */ = {isa = PBXFileReference; lastKnownFileType = "wrapper.pb-project"; name = "CorePlot-CocoaTouch.xcodeproj"; path = "framework/CorePlot-CocoaTouch.xcodeproj"; sourceTree = "<group>"; };
		105A0A4119E532C400484F2D /* Accelerate.framework */ = {isa = PBXFileReference; lastKnownFileType = wrapper.framework; name = Accelerate.framework; path = System/Library/Frameworks/Accelerate.framework; sourceTree = SDKROOT; };
/* End PBXFileReference section */

/* Begin PBXFrameworksBuildPhase section */
		1014E59719E52B3500B30A5E /* Frameworks */ = {
			isa = PBXFrameworksBuildPhase;
			buildActionMask = 2147483647;
			files = (
				105A0A4219E532C400484F2D /* Accelerate.framework in Frameworks */,
				105A0A3E19E52DC800484F2D /* libCorePlot-CocoaTouch.a in Frameworks */,
				105A0A3319E52BD700484F2D /* QuartzCore.framework in Frameworks */,
			);
			runOnlyForDeploymentPostprocessing = 0;
		};
		1014E5AD19E52B3500B30A5E /* Frameworks */ = {
			isa = PBXFrameworksBuildPhase;
			buildActionMask = 2147483647;
			files = (
			);
			runOnlyForDeploymentPostprocessing = 0;
		};
/* End PBXFrameworksBuildPhase section */

/* Begin PBXGroup section */
		1014E59119E52B3500B30A5E = {
			isa = PBXGroup;
			children = (
				105A0A4119E532C400484F2D /* Accelerate.framework */,
				105A0A3619E52DB200484F2D /* CorePlot-CocoaTouch.xcodeproj */,
				105A0A3219E52BD700484F2D /* QuartzCore.framework */,
				1014E59C19E52B3500B30A5E /* TestXY */,
				1014E5B319E52B3500B30A5E /* TestXYTests */,
				1014E59B19E52B3500B30A5E /* Products */,
			);
			sourceTree = "<group>";
		};
		1014E59B19E52B3500B30A5E /* Products */ = {
			isa = PBXGroup;
			children = (
				1014E59A19E52B3500B30A5E /* TestXY.app */,
				1014E5B019E52B3500B30A5E /* TestXYTests.xctest */,
			);
			name = Products;
			sourceTree = "<group>";
		};
		1014E59C19E52B3500B30A5E /* TestXY */ = {
			isa = PBXGroup;
			children = (
				1014E5A119E52B3500B30A5E /* AppDelegate.h */,
				1014E5A219E52B3500B30A5E /* AppDelegate.m */,
				1014E5A419E52B3500B30A5E /* ViewController.h */,
				1014E5A519E52B3500B30A5E /* ViewController.m */,
				1014E5A719E52B3500B30A5E /* Main.storyboard */,
				1014E5AA19E52B3500B30A5E /* Images.xcassets */,
				1014E59D19E52B3500B30A5E /* Supporting Files */,
			);
			path = TestXY;
			sourceTree = "<group>";
		};
		1014E59D19E52B3500B30A5E /* Supporting Files */ = {
			isa = PBXGroup;
			children = (
				1014E59E19E52B3500B30A5E /* Info.plist */,
				1014E59F19E52B3500B30A5E /* main.m */,
			);
			name = "Supporting Files";
			sourceTree = "<group>";
		};
		1014E5B319E52B3500B30A5E /* TestXYTests */ = {
			isa = PBXGroup;
			children = (
				1014E5B619E52B3500B30A5E /* TestXYTests.m */,
				1014E5B419E52B3500B30A5E /* Supporting Files */,
			);
			path = TestXYTests;
			sourceTree = "<group>";
		};
		1014E5B419E52B3500B30A5E /* Supporting Files */ = {
			isa = PBXGroup;
			children = (
				1014E5B519E52B3500B30A5E /* Info.plist */,
			);
			name = "Supporting Files";
			sourceTree = "<group>";
		};
		105A0A3719E52DB200484F2D /* Products */ = {
			isa = PBXGroup;
			children = (
				105A0A3D19E52DB300484F2D /* libCorePlot-CocoaTouch.a */,
			);
			name = Products;
			sourceTree = "<group>";
		};
/* End PBXGroup section */

/* Begin PBXNativeTarget section */
		1014E59919E52B3500B30A5E /* TestXY */ = {
			isa = PBXNativeTarget;
			buildConfigurationList = 1014E5BA19E52B3500B30A5E /* Build configuration list for PBXNativeTarget "TestXY" */;
			buildPhases = (
				1014E59619E52B3500B30A5E /* Sources */,
				1014E59719E52B3500B30A5E /* Frameworks */,
				1014E59819E52B3500B30A5E /* Resources */,
			);
			buildRules = (
			);
			dependencies = (
				105A0A4019E52DCD00484F2D /* PBXTargetDependency */,
			);
			name = TestXY;
			productName = TestXY;
			productReference = 1014E59A19E52B3500B30A5E /* TestXY.app */;
			productType = "com.apple.product-type.application";
		};
		1014E5AF19E52B3500B30A5E /* TestXYTests */ = {
			isa = PBXNativeTarget;
			buildConfigurationList = 1014E5BD19E52B3500B30A5E /* Build configuration list for PBXNativeTarget "TestXYTests" */;
			buildPhases = (
				1014E5AC19E52B3500B30A5E /* Sources */,
				1014E5AD19E52B3500B30A5E /* Frameworks */,
				1014E5AE19E52B3500B30A5E /* Resources */,
			);
			buildRules = (
			);
			dependencies = (
				1014E5B219E52B3500B30A5E /* PBXTargetDependency */,
			);
			name = TestXYTests;
			productName = TestXYTests;
			productReference = 1014E5B019E52B3500B30A5E /* TestXYTests.xctest */;
			productType = "com.apple.product-type.bundle.unit-test";
		};
/* End PBXNativeTarget section */

/* Begin PBXProject section */
		1014E59219E52B3500B30A5E /* Project object */ = {
			isa = PBXProject;
			attributes = {
				LastUpgradeCheck = 0600;
				ORGANIZATIONNAME = CCWu;
				TargetAttributes = {
					1014E59919E52B3500B30A5E = {
						CreatedOnToolsVersion = 6.0;
					};
					1014E5AF19E52B3500B30A5E = {
						CreatedOnToolsVersion = 6.0;
						TestTargetID = 1014E59919E52B3500B30A5E;
					};
				};
			};
			buildConfigurationList = 1014E59519E52B3500B30A5E /* Build configuration list for PBXProject "TestXY" */;
			compatibilityVersion = "Xcode 3.2";
			developmentRegion = English;
			hasScannedForEncodings = 0;
			knownRegions = (
				en,
				Base,
			);
			mainGroup = 1014E59119E52B3500B30A5E;
			productRefGroup = 1014E59B19E52B3500B30A5E /* Products */;
			projectDirPath = "";
			projectReferences = (
				{
					ProductGroup = 105A0A3719E52DB200484F2D /* Products */;
					ProjectRef = 105A0A3619E52DB200484F2D /* CorePlot-CocoaTouch.xcodeproj */;
				},
			);
			projectRoot = "";
			targets = (
				1014E59919E52B3500B30A5E /* TestXY */,
				1014E5AF19E52B3500B30A5E /* TestXYTests */,
			);
		};
/* End PBXProject section */

/* Begin PBXReferenceProxy section */
		105A0A3D19E52DB300484F2D /* libCorePlot-CocoaTouch.a */ = {
			isa = PBXReferenceProxy;
			fileType = archive.ar;
			path = "libCorePlot-CocoaTouch.a";
			remoteRef = 105A0A3C19E52DB300484F2D /* PBXContainerItemProxy */;
			sourceTree = BUILT_PRODUCTS_DIR;
		};
/* End PBXReferenceProxy section */

/* Begin PBXResourcesBuildPhase section */
		1014E59819E52B3500B30A5E /* Resources */ = {
			isa = PBXResourcesBuildPhase;
			buildActionMask = 2147483647;
			files = (
				1014E5A919E52B3500B30A5E /* Main.storyboard in Resources */,
				1014E5AB19E52B3500B30A5E /* Images.xcassets in Resources */,
			);
			runOnlyForDeploymentPostprocessing = 0;
		};
		1014E5AE19E52B3500B30A5E /* Resources */ = {
			isa = PBXResourcesBuildPhase;
			buildActionMask = 2147483647;
			files = (
			);
			runOnlyForDeploymentPostprocessing = 0;
		};
/* End PBXResourcesBuildPhase section */

/* Begin PBXSourcesBuildPhase section */
		1014E59619E52B3500B30A5E /* Sources */ = {
			isa = PBXSourcesBuildPhase;
			buildActionMask = 2147483647;
			files = (
				1014E5A619E52B3500B30A5E /* ViewController.m in Sources */,
				1014E5A319E52B3500B30A5E /* AppDelegate.m in Sources */,
				1014E5A019E52B3500B30A5E /* main.m in Sources */,
			);
			runOnlyForDeploymentPostprocessing = 0;
		};
		1014E5AC19E52B3500B30A5E /* Sources */ = {
			isa = PBXSourcesBuildPhase;
			buildActionMask = 2147483647;
			files = (
				1014E5B719E52B3500B30A5E /* TestXYTests.m in Sources */,
			);
			runOnlyForDeploymentPostprocessing = 0;
		};
/* End PBXSourcesBuildPhase section */

/* Begin PBXTargetDependency section */
		1014E5B219E52B3500B30A5E /* PBXTargetDependency */ = {
			isa = PBXTargetDependency;
			target = 1014E59919E52B3500B30A5E /* TestXY */;
			targetProxy = 1014E5B119E52B3500B30A5E /* PBXContainerItemProxy */;
		};
		105A0A4019E52DCD00484F2D /* PBXTargetDependency */ = {
			isa = PBXTargetDependency;
			name = "CorePlot-CocoaTouch";
			targetProxy = 105A0A3F19E52DCD00484F2D /* PBXContainerItemProxy */;
		};
/* End PBXTargetDependency section */

/* Begin PBXVariantGroup section */
		1014E5A719E52B3500B30A5E /* Main.storyboard */ = {
			isa = PBXVariantGroup;
			children = (
				1014E5A819E52B3500B30A5E /* Base */,
			);
			name = Main.storyboard;
			sourceTree = "<group>";
		};
/* End PBXVariantGroup section */

/* Begin XCBuildConfiguration section */
		1014E5B819E52B3500B30A5E /* Debug */ = {
			isa = XCBuildConfiguration;
			buildSettings = {
				ALWAYS_SEARCH_USER_PATHS = NO;
				CLANG_CXX_LANGUAGE_STANDARD = "gnu++0x";
				CLANG_CXX_LIBRARY = "libc++";
				CLANG_ENABLE_MODULES = YES;
				CLANG_ENABLE_OBJC_ARC = YES;
				CLANG_WARN_BOOL_CONVERSION = YES;
				CLANG_WARN_CONSTANT_CONVERSION = YES;
				CLANG_WARN_DIRECT_OBJC_ISA_USAGE = YES_ERROR;
				CLANG_WARN_EMPTY_BODY = YES;
				CLANG_WARN_ENUM_CONVERSION = YES;
				CLANG_WARN_INT_CONVERSION = YES;
				CLANG_WARN_OBJC_ROOT_CLASS = YES_ERROR;
				CLANG_WARN_UNREACHABLE_CODE = YES;
				CLANG_WARN__DUPLICATE_METHOD_MATCH = YES;
				"CODE_SIGN_IDENTITY[sdk=iphoneos*]" = "iPhone Developer";
				COPY_PHASE_STRIP = NO;
				ENABLE_STRICT_OBJC_MSGSEND = YES;
				GCC_C_LANGUAGE_STANDARD = gnu99;
				GCC_DYNAMIC_NO_PIC = NO;
				GCC_OPTIMIZATION_LEVEL = 0;
				GCC_PREPROCESSOR_DEFINITIONS = (
					"DEBUG=1",
					"$(inherited)",
				);
				GCC_SYMBOLS_PRIVATE_EXTERN = NO;
				GCC_WARN_64_TO_32_BIT_CONVERSION = YES;
				GCC_WARN_ABOUT_RETURN_TYPE = YES_ERROR;
				GCC_WARN_UNDECLARED_SELECTOR = YES;
				GCC_WARN_UNINITIALIZED_AUTOS = YES_AGGRESSIVE;
				GCC_WARN_UNUSED_FUNCTION = YES;
				GCC_WARN_UNUSED_VARIABLE = YES;
				IPHONEOS_DEPLOYMENT_TARGET = 8.0;
				MTL_ENABLE_DEBUG_INFO = YES;
				ONLY_ACTIVE_ARCH = YES;
				SDKROOT = iphoneos;
				TARGETED_DEVICE_FAMILY = "1,2";
			};
			name = Debug;
		};
		1014E5B919E52B3500B30A5E /* Release */ = {
			isa = XCBuildConfiguration;
			buildSettings = {
				ALWAYS_SEARCH_USER_PATHS = NO;
				CLANG_CXX_LANGUAGE_STANDARD = "gnu++0x";
				CLANG_CXX_LIBRARY = "libc++";
				CLANG_ENABLE_MODULES = YES;
				CLANG_ENABLE_OBJC_ARC = YES;
				CLANG_WARN_BOOL_CONVERSION = YES;
				CLANG_WARN_CONSTANT_CONVERSION = YES;
				CLANG_WARN_DIRECT_OBJC_ISA_USAGE = YES_ERROR;
				CLANG_WARN_EMPTY_BODY = YES;
				CLANG_WARN_ENUM_CONVERSION = YES;
				CLANG_WARN_INT_CONVERSION = YES;
				CLANG_WARN_OBJC_ROOT_CLASS = YES_ERROR;
				CLANG_WARN_UNREACHABLE_CODE = YES;
				CLANG_WARN__DUPLICATE_METHOD_MATCH = YES;
				"CODE_SIGN_IDENTITY[sdk=iphoneos*]" = "iPhone Developer";
				COPY_PHASE_STRIP = YES;
				ENABLE_NS_ASSERTIONS = NO;
				ENABLE_STRICT_OBJC_MSGSEND = YES;
				GCC_C_LANGUAGE_STANDARD = gnu99;
				GCC_WARN_64_TO_32_BIT_CONVERSION = YES;
				GCC_WARN_ABOUT_RETURN_TYPE = YES_ERROR;
				GCC_WARN_UNDECLARED_SELECTOR = YES;
				GCC_WARN_UNINITIALIZED_AUTOS = YES_AGGRESSIVE;
				GCC_WARN_UNUSED_FUNCTION = YES;
				GCC_WARN_UNUSED_VARIABLE = YES;
				IPHONEOS_DEPLOYMENT_TARGET = 8.0;
				MTL_ENABLE_DEBUG_INFO = NO;
				SDKROOT = iphoneos;
				TARGETED_DEVICE_FAMILY = "1,2";
				VALIDATE_PRODUCT = YES;
			};
			name = Release;
		};
		1014E5BB19E52B3500B30A5E /* Debug */ = {
			isa = XCBuildConfiguration;
			buildSettings = {
				ASSETCATALOG_COMPILER_APPICON_NAME = AppIcon;
				ASSETCATALOG_COMPILER_LAUNCHIMAGE_NAME = LaunchImage;
				INFOPLIST_FILE = TestXY/Info.plist;
				LD_RUNPATH_SEARCH_PATHS = "$(inherited) @executable_path/Frameworks";
				OTHER_LDFLAGS = (
					"-ObjC",
					"-all_load",
				);
				PRODUCT_NAME = "$(TARGET_NAME)";
				USER_HEADER_SEARCH_PATHS = "./framework/source ./framework ./framework/iPhoneOnly";
			};
			name = Debug;
		};
		1014E5BC19E52B3500B30A5E /* Release */ = {
			isa = XCBuildConfiguration;
			buildSettings = {
				ASSETCATALOG_COMPILER_APPICON_NAME = AppIcon;
				ASSETCATALOG_COMPILER_LAUNCHIMAGE_NAME = LaunchImage;
				INFOPLIST_FILE = TestXY/Info.plist;
				LD_RUNPATH_SEARCH_PATHS = "$(inherited) @executable_path/Frameworks";
				OTHER_LDFLAGS = (
					"-ObjC",
					"-all_load",
				);
				PRODUCT_NAME = "$(TARGET_NAME)";
				USER_HEADER_SEARCH_PATHS = "./framework/source ./framework ./framework/iPhoneOnly";
			};
			name = Release;
		};
		1014E5BE19E52B3500B30A5E /* Debug */ = {
			isa = XCBuildConfiguration;
			buildSettings = {
				BUNDLE_LOADER = "$(TEST_HOST)";
				FRAMEWORK_SEARCH_PATHS = (
					"$(SDKROOT)/Developer/Library/Frameworks",
					"$(inherited)",
				);
				GCC_PREPROCESSOR_DEFINITIONS = (
					"DEBUG=1",
					"$(inherited)",
				);
				INFOPLIST_FILE = TestXYTests/Info.plist;
				LD_RUNPATH_SEARCH_PATHS = "$(inherited) @executable_path/Frameworks @loader_path/Frameworks";
				PRODUCT_NAME = "$(TARGET_NAME)";
				TEST_HOST = "$(BUILT_PRODUCTS_DIR)/TestXY.app/TestXY";
			};
			name = Debug;
		};
		1014E5BF19E52B3500B30A5E /* Release */ = {
			isa = XCBuildConfiguration;
			buildSettings = {
				BUNDLE_LOADER = "$(TEST_HOST)";
				FRAMEWORK_SEARCH_PATHS = (
					"$(SDKROOT)/Developer/Library/Frameworks",
					"$(inherited)",
				);
				INFOPLIST_FILE = TestXYTests/Info.plist;
				LD_RUNPATH_SEARCH_PATHS = "$(inherited) @executable_path/Frameworks @loader_path/Frameworks";
				PRODUCT_NAME = "$(TARGET_NAME)";
				TEST_HOST = "$(BUILT_PRODUCTS_DIR)/TestXY.app/TestXY";
			};
			name = Release;
		};
/* End XCBuildConfiguration section */

/* Begin XCConfigurationList section */
		1014E59519E52B3500B30A5E /* Build configuration list for PBXProject "TestXY" */ = {
			isa = XCConfigurationList;
			buildConfigurations = (
				1014E5B819E52B3500B30A5E /* Debug */,
				1014E5B919E52B3500B30A5E /* Release */,
			);
			defaultConfigurationIsVisible = 0;
			defaultConfigurationName = Release;
		};
		1014E5BA19E52B3500B30A5E /* Build configuration list for PBXNativeTarget "TestXY" */ = {
			isa = XCConfigurationList;
			buildConfigurations = (
				1014E5BB19E52B3500B30A5E /* Debug */,
				1014E5BC19E52B3500B30A5E /* Release */,
			);
			defaultConfigurationIsVisible = 0;
			defaultConfigurationName = Release;
		};
		1014E5BD19E52B3500B30A5E /* Build configuration list for PBXNativeTarget "TestXYTests" */ = {
			isa = XCConfigurationList;
			buildConfigurations = (
				1014E5BE19E52B3500B30A5E /* Debug */,
				1014E5BF19E52B3500B30A5E /* Release */,
			);
			defaultConfigurationIsVisible = 0;
			defaultConfigurationName = Release;
		};
/* End XCConfigurationList section */
	};
	rootObject = 1014E59219E52B3500B30A5E /* Project object */;
}
